
Microsoft Visual Studio Solution File, Format Version 12.00
# Visual Studio Version 16
VisualStudioVersion = 16.0.29418.71
MinimumVisualStudioVersion = 10.0.40219.1
Project("{FAE04EC0-301F-11D3-BF4B-00C04F79EFBC}") = "ExampleCode_1", "ExampleCode_1\ExampleCode_1.csproj", "{00D612C5-8F42-4ECF-A23B-CCF378E6CC78}"
EndProject
Global
	GlobalSection(SolutionConfigurationPlatforms) = preSolution
		Debug|Any CPU = Debug|Any CPU
		Release|Any CPU = Release|Any CPU
	EndGlobalSection
	GlobalSection(ProjectConfigurationPlatforms) = postSolution
		{00D612C5-8F42-4ECF-A23B-CCF378E6CC78}.Debug|Any CPU.ActiveCfg = Debug|Any CPU
		{00D612C5-8F42-4ECF-A23B-CCF378E6CC78}.Debug|Any CPU.Build.0 = Debug|Any CPU
		{00D612C5-8F42-4ECF-A23B-CCF378E6CC78}.Release|Any CPU.ActiveCfg = Release|Any CPU
		{00D612C5-8F42-4ECF-A23B-CCF378E6CC78}.Release|Any CPU.Build.0 = Release|Any CPU
	EndGlobalSection
	GlobalSection(SolutionProperties) = preSolution
		HideSolutionNode = FALSE
	EndGlobalSection
	GlobalSection(ExtensibilityGlobals) = postSolution
		SolutionGuid = {83C76482-1717-4EFC-8DC9-0DB6DD37C0E6}
	EndGlobalSection
EndGlobal
